# This file is automatically @generated by Poetry and should not be changed by hand.

[[package]]
name = "et-xmlfile"
version = "1.1.0"
description = "An implementation of lxml.xmlfile for the standard library"
category = "main"
optional = false
python-versions = ">=3.6"
files = [
    {file = "et_xmlfile-1.1.0-py3-none-any.whl", hash = "sha256:a2ba85d1d6a74ef63837eed693bcb89c3f752169b0e3e7ae5b16ca5e1b3deada"},
    {file = "et_xmlfile-1.1.0.tar.gz", hash = "sha256:8eb9e2bc2f8c97e37a2dc85a09ecdcdec9d8a396530a6d5a33b30b9a92da0c5c"},
]

[[package]]
name = "openpyxl"
version = "3.1.2"
description = "A Python library to read/write Excel 2010 xlsx/xlsm files"
category = "main"
optional = false
python-versions = ">=3.6"
files = [
    {file = "openpyxl-3.1.2-py2.py3-none-any.whl", hash = "sha256:f91456ead12ab3c6c2e9491cf33ba6d08357d802192379bb482f1033ade496f5"},
    {file = "openpyxl-3.1.2.tar.gz", hash = "sha256:a6f5977418eff3b2d5500d54d9db50c8277a368436f4e4f8ddb1be3422870184"},
]

[package.dependencies]
et-xmlfile = "*"

[[package]]
name = "packaging"
version = "23.1"
description = "Core utilities for Python packages"
category = "main"
optional = false
python-versions = ">=3.7"
files = [
    {file = "packaging-23.1-py3-none-any.whl", hash = "sha256:994793af429502c4ea2ebf6bf664629d07c1a9fe974af92966e4b8d2df7edc61"},
    {file = "packaging-23.1.tar.gz", hash = "sha256:a392980d2b6cffa644431898be54b0045151319d1e7ec34f0cfed48767dd334f"},
]

[[package]]
name = "plotly"
version = "5.15.0"
description = "An open-source, interactive data visualization library for Python"
category = "main"
optional = false
python-versions = ">=3.6"
files = [
    {file = "plotly-5.15.0-py2.py3-none-any.whl", hash = "sha256:3508876bbd6aefb8a692c21a7128ca87ce42498dd041efa5c933ee44b55aab24"},
    {file = "plotly-5.15.0.tar.gz", hash = "sha256:822eabe53997d5ebf23c77e1d1fcbf3bb6aa745eb05d532afd4b6f9a2e2ab02f"},
]

[package.dependencies]
packaging = "*"
tenacity = ">=6.2.0"

[[package]]
name = "tenacity"
version = "8.2.2"
description = "Retry code until it succeeds"
category = "main"
optional = false
python-versions = ">=3.6"
files = [
    {file = "tenacity-8.2.2-py3-none-any.whl", hash = "sha256:2f277afb21b851637e8f52e6a613ff08734c347dc19ade928e519d7d2d8569b0"},
    {file = "tenacity-8.2.2.tar.gz", hash = "sha256:43af037822bd0029025877f3b2d97cc4d7bb0c2991000a3d59d71517c5c969e0"},
]

[package.extras]
doc = ["reno", "sphinx", "tornado (>=4.5)"]

[metadata]
lock-version = "2.0"
python-versions = "^3.7.1"
content-hash = "05f48a99fea4922f5113590db6a990c6b778ecace493d1fd9449751f12c9b0df"
